// !$*UTF8*$!
{
	archiveVersion = 1;
	classes = {
	};
	objectVersion = 46;
	objects = {

/* Begin PBXBuildFile section */
		12E039931DDA4EED00908E38 /* AppDelegate.swift in Sources */ = {isa = PBXBuildFile; fileRef = 12E039921DDA4EED00908E38 /* AppDelegate.swift */; };
		12E039981DDA4EEE00908E38 /* Main.storyboard in Resources */ = {isa = PBXBuildFile; fileRef = 12E039961DDA4EEE00908E38 /* Main.storyboard */; };
		12E0399A1DDA4EEE00908E38 /* Assets.xcassets in Resources */ = {isa = PBXBuildFile; fileRef = 12E039991DDA4EEE00908E38 /* Assets.xcassets */; };
		12E0399D1DDA4EEE00908E38 /* LaunchScreen.storyboard in Resources */ = {isa = PBXBuildFile; fileRef = 12E0399B1DDA4EEE00908E38 /* LaunchScreen.storyboard */; };
		12E039A81DDA4EEE00908E38 /* TacoPopTests.swift in Sources */ = {isa = PBXBuildFile; fileRef = 12E039A71DDA4EEE00908E38 /* TacoPopTests.swift */; };
		12E039B91DDA4FA500908E38 /* MainVC.swift in Sources */ = {isa = PBXBuildFile; fileRef = 12E039B81DDA4FA500908E38 /* MainVC.swift */; };
		12E039BB1DDA519600908E38 /* DropShadow.swift in Sources */ = {isa = PBXBuildFile; fileRef = 12E039BA1DDA519600908E38 /* DropShadow.swift */; };
/* End PBXBuildFile section */

/* Begin PBXContainerItemProxy section */
		12E039A41DDA4EEE00908E38 /* PBXContainerItemProxy */ = {
			isa = PBXContainerItemProxy;
			containerPortal = 12E039871DDA4EED00908E38 /* Project object */;
			proxyType = 1;
			remoteGlobalIDString = 12E0398E1DDA4EED00908E38;
			remoteInfo = TacoPop;
		};
/* End PBXContainerItemProxy section */

/* Begin PBXFileReference section */
		12E0398F1DDA4EED00908E38 /* TacoPop.app */ = {isa = PBXFileReference; explicitFileType = wrapper.application; includeInIndex = 0; path = TacoPop.app; sourceTree = BUILT_PRODUCTS_DIR; };
		12E039921DDA4EED00908E38 /* AppDelegate.swift */ = {isa = PBXFileReference; lastKnownFileType = sourcecode.swift; path = AppDelegate.swift; sourceTree = "<group>"; };
		12E039971DDA4EEE00908E38 /* Base */ = {isa = PBXFileReference; lastKnownFileType = file.storyboard; name = Base; path = Base.lproj/Main.storyboard; sourceTree = "<group>"; };
		12E039991DDA4EEE00908E38 /* Assets.xcassets */ = {isa = PBXFileReference; lastKnownFileType = folder.assetcatalog; path = Assets.xcassets; sourceTree = "<group>"; };
		12E0399C1DDA4EEE00908E38 /* Base */ = {isa = PBXFileReference; lastKnownFileType = file.storyboard; name = Base; path = Base.lproj/LaunchScreen.storyboard; sourceTree = "<group>"; };
		12E0399E1DDA4EEE00908E38 /* Info.plist */ = {isa = PBXFileReference; lastKnownFileType = text.plist.xml; path = Info.plist; sourceTree = "<group>"; };
		12E039A31DDA4EEE00908E38 /* TacoPopTests.xctest */ = {isa = PBXFileReference; explicitFileType = wrapper.cfbundle; includeInIndex = 0; path = TacoPopTests.xctest; sourceTree = BUILT_PRODUCTS_DIR; };
		12E039A71DDA4EEE00908E38 /* TacoPopTests.swift */ = {isa = PBXFileReference; lastKnownFileType = sourcecode.swift; path = TacoPopTests.swift; sourceTree = "<group>"; };
		12E039A91DDA4EEE00908E38 /* Info.plist */ = {isa = PBXFileReference; lastKnownFileType = text.plist.xml; path = Info.plist; sourceTree = "<group>"; };
		12E039B81DDA4FA500908E38 /* MainVC.swift */ = {isa = PBXFileReference; fileEncoding = 4; lastKnownFileType = sourcecode.swift; path = MainVC.swift; sourceTree = "<group>"; };
		12E039BA1DDA519600908E38 /* DropShadow.swift */ = {isa = PBXFileReference; fileEncoding = 4; lastKnownFileType = sourcecode.swift; path = DropShadow.swift; sourceTree = "<group>"; };
/* End PBXFileReference section */

/* Begin PBXFrameworksBuildPhase section */
		12E0398C1DDA4EED00908E38 /* Frameworks */ = {
			isa = PBXFrameworksBuildPhase;
			buildActionMask = 2147483647;
			files = (
			);
			runOnlyForDeploymentPostprocessing = 0;
		};
		12E039A01DDA4EEE00908E38 /* Frameworks */ = {
			isa = PBXFrameworksBuildPhase;
			buildActionMask = 2147483647;
			files = (
			);
			runOnlyForDeploymentPostprocessing = 0;
		};
/* End PBXFrameworksBuildPhase section */

/* Begin PBXGroup section */
		12E039861DDA4EED00908E38 = {
			isa = PBXGroup;
			children = (
				12E039911DDA4EED00908E38 /* TacoPop */,
				12E039A61DDA4EEE00908E38 /* TacoPopTests */,
				12E039901DDA4EED00908E38 /* Products */,
			);
			sourceTree = "<group>";
		};
		12E039901DDA4EED00908E38 /* Products */ = {
			isa = PBXGroup;
			children = (
				12E0398F1DDA4EED00908E38 /* TacoPop.app */,
				12E039A31DDA4EEE00908E38 /* TacoPopTests.xctest */,
			);
			name = Products;
			sourceTree = "<group>";
		};
		12E039911DDA4EED00908E38 /* TacoPop */ = {
			isa = PBXGroup;
			children = (
				12E039B71DDA4F4300908E38 /* Extensions */,
				12E039B61DDA4F3A00908E38 /* Protocols */,
				12E039B41DDA4F0E00908E38 /* Model */,
				12E039B31DDA4F0500908E38 /* View */,
				12E039B21DDA4EFE00908E38 /* Controller */,
				12E039B51DDA4F2B00908E38 /* Resources */,
			);
			path = TacoPop;
			sourceTree = "<group>";
		};
		12E039A61DDA4EEE00908E38 /* TacoPopTests */ = {
			isa = PBXGroup;
			children = (
				12E039A71DDA4EEE00908E38 /* TacoPopTests.swift */,
				12E039A91DDA4EEE00908E38 /* Info.plist */,
			);
			path = TacoPopTests;
			sourceTree = "<group>";
		};
		12E039B21DDA4EFE00908E38 /* Controller */ = {
			isa = PBXGroup;
			children = (
				12E039921DDA4EED00908E38 /* AppDelegate.swift */,
				12E039B81DDA4FA500908E38 /* MainVC.swift */,
			);
			name = Controller;
			sourceTree = "<group>";
		};
		12E039B31DDA4F0500908E38 /* View */ = {
			isa = PBXGroup;
			children = (
				12E039961DDA4EEE00908E38 /* Main.storyboard */,
				12E0399B1DDA4EEE00908E38 /* LaunchScreen.storyboard */,
			);
			name = View;
			sourceTree = "<group>";
		};
		12E039B41DDA4F0E00908E38 /* Model */ = {
			isa = PBXGroup;
			children = (
			);
			name = Model;
			sourceTree = "<group>";
		};
		12E039B51DDA4F2B00908E38 /* Resources */ = {
			isa = PBXGroup;
			children = (
				12E039991DDA4EEE00908E38 /* Assets.xcassets */,
				12E0399E1DDA4EEE00908E38 /* Info.plist */,
			);
			name = Resources;
			sourceTree = "<group>";
		};
		12E039B61DDA4F3A00908E38 /* Protocols */ = {
			isa = PBXGroup;
			children = (
				12E039BA1DDA519600908E38 /* DropShadow.swift */,
			);
			name = Protocols;
			sourceTree = "<group>";
		};
		12E039B71DDA4F4300908E38 /* Extensions */ = {
			isa = PBXGroup;
			children = (
			);
			name = Extensions;
			sourceTree = "<group>";
		};
/* End PBXGroup section */

/* Begin PBXNativeTarget section */
		12E0398E1DDA4EED00908E38 /* TacoPop */ = {
			isa = PBXNativeTarget;
			buildConfigurationList = 12E039AC1DDA4EEE00908E38 /* Build configuration list for PBXNativeTarget "TacoPop" */;
			buildPhases = (
				12E0398B1DDA4EED00908E38 /* Sources */,
				12E0398C1DDA4EED00908E38 /* Frameworks */,
				12E0398D1DDA4EED00908E38 /* Resources */,
			);
			buildRules = (
			);
			dependencies = (
			);
			name = TacoPop;
			productName = TacoPop;
			productReference = 12E0398F1DDA4EED00908E38 /* TacoPop.app */;
			productType = "com.apple.product-type.application";
		};
		12E039A21DDA4EEE00908E38 /* TacoPopTests */ = {
			isa = PBXNativeTarget;
			buildConfigurationList = 12E039AF1DDA4EEE00908E38 /* Build configuration list for PBXNativeTarget "TacoPopTests" */;
			buildPhases = (
				12E0399F1DDA4EEE00908E38 /* Sources */,
				12E039A01DDA4EEE00908E38 /* Frameworks */,
				12E039A11DDA4EEE00908E38 /* Resources */,
			);
			buildRules = (
			);
			dependencies = (
				12E039A51DDA4EEE00908E38 /* PBXTargetDependency */,
			);
			name = TacoPopTests;
			productName = TacoPopTests;
			productReference = 12E039A31DDA4EEE00908E38 /* TacoPopTests.xctest */;
			productType = "com.apple.product-type.bundle.unit-test";
		};
/* End PBXNativeTarget section */

/* Begin PBXProject section */
		12E039871DDA4EED00908E38 /* Project object */ = {
			isa = PBXProject;
			attributes = {
				LastSwiftUpdateCheck = 0810;
				LastUpgradeCheck = 0810;
				ORGANIZATIONNAME = brunnogoncalves;
				TargetAttributes = {
					12E0398E1DDA4EED00908E38 = {
						CreatedOnToolsVersion = 8.1;
						DevelopmentTeam = 54DAHYNVB6;
						ProvisioningStyle = Automatic;
					};
					12E039A21DDA4EEE00908E38 = {
						CreatedOnToolsVersion = 8.1;
						DevelopmentTeam = 54DAHYNVB6;
						ProvisioningStyle = Automatic;
						TestTargetID = 12E0398E1DDA4EED00908E38;
					};
				};
			};
			buildConfigurationList = 12E0398A1DDA4EED00908E38 /* Build configuration list for PBXProject "TacoPop" */;
			compatibilityVersion = "Xcode 3.2";
			developmentRegion = English;
			hasScannedForEncodings = 0;
			knownRegions = (
				en,
				Base,
			);
			mainGroup = 12E039861DDA4EED00908E38;
			productRefGroup = 12E039901DDA4EED00908E38 /* Products */;
			projectDirPath = "";
			projectRoot = "";
			targets = (
				12E0398E1DDA4EED00908E38 /* TacoPop */,
				12E039A21DDA4EEE00908E38 /* TacoPopTests */,
			);
		};
/* End PBXProject section */

/* Begin PBXResourcesBuildPhase section */
		12E0398D1DDA4EED00908E38 /* Resources */ = {
			isa = PBXResourcesBuildPhase;
			buildActionMask = 2147483647;
			files = (
				12E0399D1DDA4EEE00908E38 /* LaunchScreen.storyboard in Resources */,
				12E0399A1DDA4EEE00908E38 /* Assets.xcassets in Resources */,
				12E039981DDA4EEE00908E38 /* Main.storyboard in Resources */,
			);
			runOnlyForDeploymentPostprocessing = 0;
		};
		12E039A11DDA4EEE00908E38 /* Resources */ = {
			isa = PBXResourcesBuildPhase;
			buildActionMask = 2147483647;
			files = (
			);
			runOnlyForDeploymentPostprocessing = 0;
		};
/* End PBXResourcesBuildPhase section */

/* Begin PBXSourcesBuildPhase section */
		12E0398B1DDA4EED00908E38 /* Sources */ = {
			isa = PBXSourcesBuildPhase;
			buildActionMask = 2147483647;
			files = (
				12E039931DDA4EED00908E38 /* AppDelegate.swift in Sources */,
				12E039BB1DDA519600908E38 /* DropShadow.swift in Sources */,
				12E039B91DDA4FA500908E38 /* MainVC.swift in Sources */,
			);
			runOnlyForDeploymentPostprocessing = 0;
		};
		12E0399F1DDA4EEE00908E38 /* Sources */ = {
			isa = PBXSourcesBuildPhase;
			buildActionMask = 2147483647;
			files = (
				12E039A81DDA4EEE00908E38 /* TacoPopTests.swift in Sources */,
			);
			runOnlyForDeploymentPostprocessing = 0;
		};
/* End PBXSourcesBuildPhase section */

/* Begin PBXTargetDependency section */
		12E039A51DDA4EEE00908E38 /* PBXTargetDependency */ = {
			isa = PBXTargetDependency;
			target = 12E0398E1DDA4EED00908E38 /* TacoPop */;
			targetProxy = 12E039A41DDA4EEE00908E38 /* PBXContainerItemProxy */;
		};
/* End PBXTargetDependency section */

/* Begin PBXVariantGroup section */
		12E039961DDA4EEE00908E38 /* Main.storyboard */ = {
			isa = PBXVariantGroup;
			children = (
				12E039971DDA4EEE00908E38 /* Base */,
			);
			name = Main.storyboard;
			sourceTree = "<group>";
		};
		12E0399B1DDA4EEE00908E38 /* LaunchScreen.storyboard */ = {
			isa = PBXVariantGroup;
			children = (
				12E0399C1DDA4EEE00908E38 /* Base */,
			);
			name = LaunchScreen.storyboard;
			sourceTree = "<group>";
		};
/* End PBXVariantGroup section */

/* Begin XCBuildConfiguration section */
		12E039AA1DDA4EEE00908E38 /* Debug */ = {
			isa = XCBuildConfiguration;
			buildSettings = {
				ALWAYS_SEARCH_USER_PATHS = NO;
				CLANG_ANALYZER_NONNULL = YES;
				CLANG_CXX_LANGUAGE_STANDARD = "gnu++0x";
				CLANG_CXX_LIBRARY = "libc++";
				CLANG_ENABLE_MODULES = YES;
				CLANG_ENABLE_OBJC_ARC = YES;
				CLANG_WARN_BOOL_CONVERSION = YES;
				CLANG_WARN_CONSTANT_CONVERSION = YES;
				CLANG_WARN_DIRECT_OBJC_ISA_USAGE = YES_ERROR;
				CLANG_WARN_DOCUMENTATION_COMMENTS = YES;
				CLANG_WARN_EMPTY_BODY = YES;
				CLANG_WARN_ENUM_CONVERSION = YES;
				CLANG_WARN_INFINITE_RECURSION = YES;
				CLANG_WARN_INT_CONVERSION = YES;
				CLANG_WARN_OBJC_ROOT_CLASS = YES_ERROR;
				CLANG_WARN_SUSPICIOUS_MOVES = YES;
				CLANG_WARN_UNREACHABLE_CODE = YES;
				CLANG_WARN__DUPLICATE_METHOD_MATCH = YES;
				"CODE_SIGN_IDENTITY[sdk=iphoneos*]" = "iPhone Developer";
				COPY_PHASE_STRIP = NO;
				DEBUG_INFORMATION_FORMAT = dwarf;
				ENABLE_STRICT_OBJC_MSGSEND = YES;
				ENABLE_TESTABILITY = YES;
				GCC_C_LANGUAGE_STANDARD = gnu99;
				GCC_DYNAMIC_NO_PIC = NO;
				GCC_NO_COMMON_BLOCKS = YES;
				GCC_OPTIMIZATION_LEVEL = 0;
				GCC_PREPROCESSOR_DEFINITIONS = (
					"DEBUG=1",
					"$(inherited)",
				);
				GCC_WARN_64_TO_32_BIT_CONVERSION = YES;
				GCC_WARN_ABOUT_RETURN_TYPE = YES_ERROR;
				GCC_WARN_UNDECLARED_SELECTOR = YES;
				GCC_WARN_UNINITIALIZED_AUTOS = YES_AGGRESSIVE;
				GCC_WARN_UNUSED_FUNCTION = YES;
				GCC_WARN_UNUSED_VARIABLE = YES;
				IPHONEOS_DEPLOYMENT_TARGET = 10.1;
				MTL_ENABLE_DEBUG_INFO = YES;
				ONLY_ACTIVE_ARCH = YES;
				SDKROOT = iphoneos;
				SWIFT_ACTIVE_COMPILATION_CONDITIONS = DEBUG;
				SWIFT_OPTIMIZATION_LEVEL = "-Onone";
			};
			name = Debug;
		};
		12E039AB1DDA4EEE00908E38 /* Release */ = {
			isa = XCBuildConfiguration;
			buildSettings = {
				ALWAYS_SEARCH_USER_PATHS = NO;
				CLANG_ANALYZER_NONNULL = YES;
				CLANG_CXX_LANGUAGE_STANDARD = "gnu++0x";
				CLANG_CXX_LIBRARY = "libc++";
				CLANG_ENABLE_MODULES = YES;
				CLANG_ENABLE_OBJC_ARC = YES;
				CLANG_WARN_BOOL_CONVERSION = YES;
				CLANG_WARN_CONSTANT_CONVERSION = YES;
				CLANG_WARN_DIRECT_OBJC_ISA_USAGE = YES_ERROR;
				CLANG_WARN_DOCUMENTATION_COMMENTS = YES;
				CLANG_WARN_EMPTY_BODY = YES;
				CLANG_WARN_ENUM_CONVERSION = YES;
				CLANG_WARN_INFINITE_RECURSION = YES;
				CLANG_WARN_INT_CONVERSION = YES;
				CLANG_WARN_OBJC_ROOT_CLASS = YES_ERROR;
				CLANG_WARN_SUSPICIOUS_MOVES = YES;
				CLANG_WARN_UNREACHABLE_CODE = YES;
				CLANG_WARN__DUPLICATE_METHOD_MATCH = YES;
				"CODE_SIGN_IDENTITY[sdk=iphoneos*]" = "iPhone Developer";
				COPY_PHASE_STRIP = NO;
				DEBUG_INFORMATION_FORMAT = "dwarf-with-dsym";
				ENABLE_NS_ASSERTIONS = NO;
				ENABLE_STRICT_OBJC_MSGSEND = YES;
				GCC_C_LANGUAGE_STANDARD = gnu99;
				GCC_NO_COMMON_BLOCKS = YES;
				GCC_WARN_64_TO_32_BIT_CONVERSION = YES;
				GCC_WARN_ABOUT_RETURN_TYPE = YES_ERROR;
				GCC_WARN_UNDECLARED_SELECTOR = YES;
				GCC_WARN_UNINITIALIZED_AUTOS = YES_AGGRESSIVE;
				GCC_WARN_UNUSED_FUNCTION = YES;
				GCC_WARN_UNUSED_VARIABLE = YES;
				IPHONEOS_DEPLOYMENT_TARGET = 10.1;
				MTL_ENABLE_DEBUG_INFO = NO;
				SDKROOT = iphoneos;
				SWIFT_OPTIMIZATION_LEVEL = "-Owholemodule";
				VALIDATE_PRODUCT = YES;
			};
			name = Release;
		};
		12E039AD1DDA4EEE00908E38 /* Debug */ = {
			isa = XCBuildConfiguration;
			buildSettings = {
				ASSETCATALOG_COMPILER_APPICON_NAME = AppIcon;
				DEVELOPMENT_TEAM = 54DAHYNVB6;
				INFOPLIST_FILE = TacoPop/Info.plist;
				LD_RUNPATH_SEARCH_PATHS = "$(inherited) @executable_path/Frameworks";
				PRODUCT_BUNDLE_IDENTIFIER = com.brunnogoncalves.TacoPop;
				PRODUCT_NAME = "$(TARGET_NAME)";
				SWIFT_VERSION = 3.0;
			};
			name = Debug;
		};
		12E039AE1DDA4EEE00908E38 /* Release */ = {
			isa = XCBuildConfiguration;
			buildSettings = {
				ASSETCATALOG_COMPILER_APPICON_NAME = AppIcon;
				DEVELOPMENT_TEAM = 54DAHYNVB6;
				INFOPLIST_FILE = TacoPop/Info.plist;
				LD_RUNPATH_SEARCH_PATHS = "$(inherited) @executable_path/Frameworks";
				PRODUCT_BUNDLE_IDENTIFIER = com.brunnogoncalves.TacoPop;
				PRODUCT_NAME = "$(TARGET_NAME)";
				SWIFT_VERSION = 3.0;
			};
			name = Release;
		};
		12E039B01DDA4EEE00908E38 /* Debug */ = {
			isa = XCBuildConfiguration;
			buildSettings = {
				ALWAYS_EMBED_SWIFT_STANDARD_LIBRARIES = YES;
				BUNDLE_LOADER = "$(TEST_HOST)";
				DEVELOPMENT_TEAM = 54DAHYNVB6;
				INFOPLIST_FILE = TacoPopTests/Info.plist;
				LD_RUNPATH_SEARCH_PATHS = "$(inherited) @executable_path/Frameworks @loader_path/Frameworks";
				PRODUCT_BUNDLE_IDENTIFIER = com.brunnogoncalves.TacoPopTests;
				PRODUCT_NAME = "$(TARGET_NAME)";
				SWIFT_VERSION = 3.0;
				TEST_HOST = "$(BUILT_PRODUCTS_DIR)/TacoPop.app/TacoPop";
			};
			name = Debug;
		};
		12E039B11DDA4EEE00908E38 /* Release */ = {
			isa = XCBuildConfiguration;
			buildSettings = {
				ALWAYS_EMBED_SWIFT_STANDARD_LIBRARIES = YES;
				BUNDLE_LOADER = "$(TEST_HOST)";
				DEVELOPMENT_TEAM = 54DAHYNVB6;
				INFOPLIST_FILE = TacoPopTests/Info.plist;
				LD_RUNPATH_SEARCH_PATHS = "$(inherited) @executable_path/Frameworks @loader_path/Frameworks";
				PRODUCT_BUNDLE_IDENTIFIER = com.brunnogoncalves.TacoPopTests;
				PRODUCT_NAME = "$(TARGET_NAME)";
				SWIFT_VERSION = 3.0;
				TEST_HOST = "$(BUILT_PRODUCTS_DIR)/TacoPop.app/TacoPop";
			};
			name = Release;
		};
/* End XCBuildConfiguration section */

/* Begin XCConfigurationList section */
		12E0398A1DDA4EED00908E38 /* Build configuration list for PBXProject "TacoPop" */ = {
			isa = XCConfigurationList;
			buildConfigurations = (
				12E039AA1DDA4EEE00908E38 /* Debug */,
				12E039AB1DDA4EEE00908E38 /* Release */,
			);
			defaultConfigurationIsVisible = 0;
			defaultConfigurationName = Release;
		};
		12E039AC1DDA4EEE00908E38 /* Build configuration list for PBXNativeTarget "TacoPop" */ = {
			isa = XCConfigurationList;
			buildConfigurations = (
				12E039AD1DDA4EEE00908E38 /* Debug */,
				12E039AE1DDA4EEE00908E38 /* Release */,
			);
			defaultConfigurationIsVisible = 0;
		};
		12E039AF1DDA4EEE00908E38 /* Build configuration list for PBXNativeTarget "TacoPopTests" */ = {
			isa = XCConfigurationList;
			buildConfigurations = (
				12E039B01DDA4EEE00908E38 /* Debug */,
				12E039B11DDA4EEE00908E38 /* Release */,
			);
			defaultConfigurationIsVisible = 0;
		};
/* End XCConfigurationList section */
	};
	rootObject = 12E039871DDA4EED00908E38 /* Project object */;
}
